
Microsoft Visual Studio Solution File, Format Version 12.00
# Visual Studio Version 17
VisualStudioVersion = 17.4.33213.308
MinimumVisualStudioVersion = 10.0.40219.1
Project("{FAE04EC0-301F-11D3-BF4B-00C04F79EFBC}") = "SpeecilOverlay", "SpeecilOverlay\SpeecilOverlay.csproj", "{AD8DCE66-3A01-4CCB-B515-7FA7D9336550}"
EndProject
Global
	GlobalSection(SolutionConfigurationPlatforms) = preSolution
		Debug|Any CPU = Debug|Any CPU
		Release|Any CPU = Release|Any CPU
	EndGlobalSection
	GlobalSection(ProjectConfigurationPlatforms) = postSolution
		{AD8DCE66-3A01-4CCB-B515-7FA7D9336550}.Debug|Any CPU.ActiveCfg = Debug|Any CPU
		{AD8DCE66-3A01-4CCB-B515-7FA7D9336550}.Debug|Any CPU.Build.0 = Debug|Any CPU
		{AD8DCE66-3A01-4CCB-B515-7FA7D9336550}.Release|Any CPU.ActiveCfg = Release|Any CPU
		{AD8DCE66-3A01-4CCB-B515-7FA7D9336550}.Release|Any CPU.Build.0 = Release|Any CPU
	EndGlobalSection
	GlobalSection(SolutionProperties) = preSolution
		HideSolutionNode = FALSE
	EndGlobalSection
	GlobalSection(ExtensibilityGlobals) = postSolution
		SolutionGuid = {E6EF050B-398E-46D2-BDED-8F8138B4B553}
	EndGlobalSection
EndGlobal
